
Microsoft Visual Studio Solution File, Format Version 12.00
# Visual Studio Version 16
VisualStudioVersion = 16.0.30517.126
MinimumVisualStudioVersion = 10.0.40219.1
Project("{FAE04EC0-301F-11D3-BF4B-00C04F79EFBC}") = "ConcurrencyCheckingInEntityFrameworkWinForm", "ConcurrencyCheckingInEntityFrameworkWinForm\ConcurrencyCheckingInEntityFrameworkWinForm.csproj", "{BB5FC29A-DBA9-43C5-B8F9-2AE77340CABC}"
EndProject
Global
	GlobalSection(SolutionConfigurationPlatforms) = preSolution
		Debug|Any CPU = Debug|Any CPU
		Release|Any CPU = Release|Any CPU
	EndGlobalSection
	GlobalSection(ProjectConfigurationPlatforms) = postSolution
		{BB5FC29A-DBA9-43C5-B8F9-2AE77340CABC}.Debug|Any CPU.ActiveCfg = Debug|Any CPU
		{BB5FC29A-DBA9-43C5-B8F9-2AE77340CABC}.Debug|Any CPU.Build.0 = Debug|Any CPU
		{BB5FC29A-DBA9-43C5-B8F9-2AE77340CABC}.Release|Any CPU.ActiveCfg = Release|Any CPU
		{BB5FC29A-DBA9-43C5-B8F9-2AE77340CABC}.Release|Any CPU.Build.0 = Release|Any CPU
	EndGlobalSection
	GlobalSection(SolutionProperties) = preSolution
		HideSolutionNode = FALSE
	EndGlobalSection
	GlobalSection(ExtensibilityGlobals) = postSolution
		SolutionGuid = {26AA2F65-8794-431F-A102-F4AC06B97C15}
	EndGlobalSection
EndGlobal
