
Microsoft Visual Studio Solution File, Format Version 12.00
# Visual Studio Version 16
VisualStudioVersion = 16.0.30517.126
MinimumVisualStudioVersion = 15.0.26124.0
Project("{2150E333-8FDC-42A3-9474-1A3956D46DE8}") = "src", "src", "{999C39CE-38EA-45EF-81B6-02E7D39DA873}"
EndProject
Project("{9A19103F-16F7-4668-BE54-9A1E7A4F7556}") = "CodeNet.API", "src\CodeNet.API\CodeNet.API.csproj", "{07B97E54-467A-469D-89F9-99B0369F198D}"
EndProject
Project("{9A19103F-16F7-4668-BE54-9A1E7A4F7556}") = "CodeNet.Domain", "src\CodeNet.Domain\CodeNet.Domain.csproj", "{4E22185F-4EC2-471F-A48D-80D687B9AE08}"
EndProject
Project("{9A19103F-16F7-4668-BE54-9A1E7A4F7556}") = "CodeNet.Infrastructure", "src\CodeNet.Infrastructure\CodeNet.Infrastructure.csproj", "{D7E655BC-5519-4339-8CEF-742B34F728B6}"
EndProject
Project("{2150E333-8FDC-42A3-9474-1A3956D46DE8}") = "tests", "tests", "{21810C51-BF0D-494E-B4E9-B0FBE9A4D796}"
EndProject
Project("{FAE04EC0-301F-11D3-BF4B-00C04F79EFBC}") = "CodeNote.Infrastructure.Tests", "CodeNote.Infrastructure.Tests\CodeNote.Infrastructure.Tests.csproj", "{C9677E7E-2DC6-4FD8-BED4-8FACCC649EDA}"
EndProject
Global
	GlobalSection(SolutionConfigurationPlatforms) = preSolution
		Debug|Any CPU = Debug|Any CPU
		Debug|x64 = Debug|x64
		Debug|x86 = Debug|x86
		Release|Any CPU = Release|Any CPU
		Release|x64 = Release|x64
		Release|x86 = Release|x86
	EndGlobalSection
	GlobalSection(ProjectConfigurationPlatforms) = postSolution
		{07B97E54-467A-469D-89F9-99B0369F198D}.Debug|Any CPU.ActiveCfg = Debug|Any CPU
		{07B97E54-467A-469D-89F9-99B0369F198D}.Debug|Any CPU.Build.0 = Debug|Any CPU
		{07B97E54-467A-469D-89F9-99B0369F198D}.Debug|x64.ActiveCfg = Debug|Any CPU
		{07B97E54-467A-469D-89F9-99B0369F198D}.Debug|x64.Build.0 = Debug|Any CPU
		{07B97E54-467A-469D-89F9-99B0369F198D}.Debug|x86.ActiveCfg = Debug|Any CPU
		{07B97E54-467A-469D-89F9-99B0369F198D}.Debug|x86.Build.0 = Debug|Any CPU
		{07B97E54-467A-469D-89F9-99B0369F198D}.Release|Any CPU.ActiveCfg = Release|Any CPU
		{07B97E54-467A-469D-89F9-99B0369F198D}.Release|Any CPU.Build.0 = Release|Any CPU
		{07B97E54-467A-469D-89F9-99B0369F198D}.Release|x64.ActiveCfg = Release|Any CPU
		{07B97E54-467A-469D-89F9-99B0369F198D}.Release|x64.Build.0 = Release|Any CPU
		{07B97E54-467A-469D-89F9-99B0369F198D}.Release|x86.ActiveCfg = Release|Any CPU
		{07B97E54-467A-469D-89F9-99B0369F198D}.Release|x86.Build.0 = Release|Any CPU
		{4E22185F-4EC2-471F-A48D-80D687B9AE08}.Debug|Any CPU.ActiveCfg = Debug|Any CPU
		{4E22185F-4EC2-471F-A48D-80D687B9AE08}.Debug|Any CPU.Build.0 = Debug|Any CPU
		{4E22185F-4EC2-471F-A48D-80D687B9AE08}.Debug|x64.ActiveCfg = Debug|Any CPU
		{4E22185F-4EC2-471F-A48D-80D687B9AE08}.Debug|x64.Build.0 = Debug|Any CPU
		{4E22185F-4EC2-471F-A48D-80D687B9AE08}.Debug|x86.ActiveCfg = Debug|Any CPU
		{4E22185F-4EC2-471F-A48D-80D687B9AE08}.Debug|x86.Build.0 = Debug|Any CPU
		{4E22185F-4EC2-471F-A48D-80D687B9AE08}.Release|Any CPU.ActiveCfg = Release|Any CPU
		{4E22185F-4EC2-471F-A48D-80D687B9AE08}.Release|Any CPU.Build.0 = Release|Any CPU
		{4E22185F-4EC2-471F-A48D-80D687B9AE08}.Release|x64.ActiveCfg = Release|Any CPU
		{4E22185F-4EC2-471F-A48D-80D687B9AE08}.Release|x64.Build.0 = Release|Any CPU
		{4E22185F-4EC2-471F-A48D-80D687B9AE08}.Release|x86.ActiveCfg = Release|Any CPU
		{4E22185F-4EC2-471F-A48D-80D687B9AE08}.Release|x86.Build.0 = Release|Any CPU
		{D7E655BC-5519-4339-8CEF-742B34F728B6}.Debug|Any CPU.ActiveCfg = Debug|Any CPU
		{D7E655BC-5519-4339-8CEF-742B34F728B6}.Debug|Any CPU.Build.0 = Debug|Any CPU
		{D7E655BC-5519-4339-8CEF-742B34F728B6}.Debug|x64.ActiveCfg = Debug|Any CPU
		{D7E655BC-5519-4339-8CEF-742B34F728B6}.Debug|x64.Build.0 = Debug|Any CPU
		{D7E655BC-5519-4339-8CEF-742B34F728B6}.Debug|x86.ActiveCfg = Debug|Any CPU
		{D7E655BC-5519-4339-8CEF-742B34F728B6}.Debug|x86.Build.0 = Debug|Any CPU
		{D7E655BC-5519-4339-8CEF-742B34F728B6}.Release|Any CPU.ActiveCfg = Release|Any CPU
		{D7E655BC-5519-4339-8CEF-742B34F728B6}.Release|Any CPU.Build.0 = Release|Any CPU
		{D7E655BC-5519-4339-8CEF-742B34F728B6}.Release|x64.ActiveCfg = Release|Any CPU
		{D7E655BC-5519-4339-8CEF-742B34F728B6}.Release|x64.Build.0 = Release|Any CPU
		{D7E655BC-5519-4339-8CEF-742B34F728B6}.Release|x86.ActiveCfg = Release|Any CPU
		{D7E655BC-5519-4339-8CEF-742B34F728B6}.Release|x86.Build.0 = Release|Any CPU
		{C9677E7E-2DC6-4FD8-BED4-8FACCC649EDA}.Debug|Any CPU.ActiveCfg = Debug|Any CPU
		{C9677E7E-2DC6-4FD8-BED4-8FACCC649EDA}.Debug|Any CPU.Build.0 = Debug|Any CPU
		{C9677E7E-2DC6-4FD8-BED4-8FACCC649EDA}.Debug|x64.ActiveCfg = Debug|Any CPU
		{C9677E7E-2DC6-4FD8-BED4-8FACCC649EDA}.Debug|x64.Build.0 = Debug|Any CPU
		{C9677E7E-2DC6-4FD8-BED4-8FACCC649EDA}.Debug|x86.ActiveCfg = Debug|Any CPU
		{C9677E7E-2DC6-4FD8-BED4-8FACCC649EDA}.Debug|x86.Build.0 = Debug|Any CPU
		{C9677E7E-2DC6-4FD8-BED4-8FACCC649EDA}.Release|Any CPU.ActiveCfg = Release|Any CPU
		{C9677E7E-2DC6-4FD8-BED4-8FACCC649EDA}.Release|Any CPU.Build.0 = Release|Any CPU
		{C9677E7E-2DC6-4FD8-BED4-8FACCC649EDA}.Release|x64.ActiveCfg = Release|Any CPU
		{C9677E7E-2DC6-4FD8-BED4-8FACCC649EDA}.Release|x64.Build.0 = Release|Any CPU
		{C9677E7E-2DC6-4FD8-BED4-8FACCC649EDA}.Release|x86.ActiveCfg = Release|Any CPU
		{C9677E7E-2DC6-4FD8-BED4-8FACCC649EDA}.Release|x86.Build.0 = Release|Any CPU
	EndGlobalSection
	GlobalSection(SolutionProperties) = preSolution
		HideSolutionNode = FALSE
	EndGlobalSection
	GlobalSection(NestedProjects) = preSolution
		{07B97E54-467A-469D-89F9-99B0369F198D} = {999C39CE-38EA-45EF-81B6-02E7D39DA873}
		{4E22185F-4EC2-471F-A48D-80D687B9AE08} = {999C39CE-38EA-45EF-81B6-02E7D39DA873}
		{D7E655BC-5519-4339-8CEF-742B34F728B6} = {999C39CE-38EA-45EF-81B6-02E7D39DA873}
		{C9677E7E-2DC6-4FD8-BED4-8FACCC649EDA} = {21810C51-BF0D-494E-B4E9-B0FBE9A4D796}
	EndGlobalSection
	GlobalSection(ExtensibilityGlobals) = postSolution
		SolutionGuid = {9CD07680-9CEF-425D-987D-3A198843FE2E}
	EndGlobalSection
EndGlobal
